
Microsoft Visual Studio Solution File, Format Version 12.00
# Visual Studio Version 17
VisualStudioVersion = 17.9.34622.214
MinimumVisualStudioVersion = 10.0.40219.1
Project("{9A19103F-16F7-4668-BE54-9A1E7A4F7556}") = "Ethereal_Reackoning_The_Lich's_Curse", "Ethereal_Reackoning_The_Lich's_Curse.csproj", "{284D9609-8F2A-4873-BB8C-D6B536E3954B}"
EndProject
Global
	GlobalSection(SolutionConfigurationPlatforms) = preSolution
		Debug|Any CPU = Debug|Any CPU
		Release|Any CPU = Release|Any CPU
	EndGlobalSection
	GlobalSection(ProjectConfigurationPlatforms) = postSolution
		{284D9609-8F2A-4873-BB8C-D6B536E3954B}.Debug|Any CPU.ActiveCfg = Debug|Any CPU
		{284D9609-8F2A-4873-BB8C-D6B536E3954B}.Debug|Any CPU.Build.0 = Debug|Any CPU
		{284D9609-8F2A-4873-BB8C-D6B536E3954B}.Release|Any CPU.ActiveCfg = Release|Any CPU
		{284D9609-8F2A-4873-BB8C-D6B536E3954B}.Release|Any CPU.Build.0 = Release|Any CPU
	EndGlobalSection
	GlobalSection(SolutionProperties) = preSolution
		HideSolutionNode = FALSE
	EndGlobalSection
	GlobalSection(ExtensibilityGlobals) = postSolution
		SolutionGuid = {60598372-8484-467E-83C2-02021C9C250C}
	EndGlobalSection
EndGlobal
